
Microsoft Visual Studio Solution File, Format Version 12.00
# Visual Studio Version 17
VisualStudioVersion = 17.9.34728.123
MinimumVisualStudioVersion = 10.0.40219.1
Project("{2150E333-8FDC-42A3-9474-1A3956D46DE8}") = "Services", "Services", "{0BE8E9B8-7592-4384-A537-900612306BEA}"
EndProject
Project("{2150E333-8FDC-42A3-9474-1A3956D46DE8}") = "Production", "Production", "{68179B8F-37FF-46E9-BB88-5C4E3B2BF9E0}"
EndProject
Project("{9A19103F-16F7-4668-BE54-9A1E7A4F7556}") = "Production.API", "Services\Production\Production.API\Production.API.csproj", "{8EDA2235-B44E-441D-BF5E-5A357A90093C}"
EndProject
Project("{2150E333-8FDC-42A3-9474-1A3956D46DE8}") = "BuildingBlocks", "BuildingBlocks", "{119E4BB2-4239-487F-B5F7-3BCED9AFF33C}"
EndProject
Project("{9A19103F-16F7-4668-BE54-9A1E7A4F7556}") = "Articles.EntityFrameworkCore", "BuildingBlocks\Articles.EntityFrameworkCore\Articles.EntityFrameworkCore.csproj", "{0F7B01A0-F6DC-4895-B7F6-6CF7902709D5}"
EndProject
Project("{9A19103F-16F7-4668-BE54-9A1E7A4F7556}") = "Articles.Exceptions", "BuildingBlocks\Articles.Exceptions\Articles.Exceptions.csproj", "{A08C513E-AAD1-4145-AED7-7B9258540A11}"
EndProject
Project("{9A19103F-16F7-4668-BE54-9A1E7A4F7556}") = "Articles.Exceptions.Hanlder", "BuildingBlocks\Articles.Exceptions.Hanlder\Articles.Exceptions.Hanlder.csproj", "{950425E2-3761-463C-9A98-10B99DD30159}"
EndProject
Project("{9A19103F-16F7-4668-BE54-9A1E7A4F7556}") = "Articles.System", "BuildingBlocks\Articles.System\Articles.System.csproj", "{A8925387-2F7F-4A5A-B5D8-4FF3A964A6AE}"
EndProject
Project("{9A19103F-16F7-4668-BE54-9A1E7A4F7556}") = "Production.Domain", "Services\Production\Production.Domain\Production.Domain.csproj", "{AB92A3BE-5EB3-4F6E-B382-AEAF00B9ADE7}"
EndProject
Project("{9A19103F-16F7-4668-BE54-9A1E7A4F7556}") = "Articles.Entitities", "BuildingBlocks\Articles.Entitities\Articles.Entitities.csproj", "{C0C96231-8A2E-44CF-AA58-AFFB4A986E85}"
EndProject
Project("{9A19103F-16F7-4668-BE54-9A1E7A4F7556}") = "Production.Persistence", "Services\Production\Production.Persistence\Production.Persistence.csproj", "{91B5D80C-2BDF-4CD1-87DE-57513C01526A}"
EndProject
Project("{9A19103F-16F7-4668-BE54-9A1E7A4F7556}") = "Production.Application", "Services\Production\Production.Application\Production.Application.csproj", "{63B808B0-FB44-4DCB-9BB1-E0C20C1C2869}"
EndProject
Project("{9A19103F-16F7-4668-BE54-9A1E7A4F7556}") = "Articles.Settings", "BuildingBlocks\Articles.Settings\Articles.Settings.csproj", "{B35ADB4C-790C-44B4-A257-593328C839B6}"
EndProject
Project("{9A19103F-16F7-4668-BE54-9A1E7A4F7556}") = "Articles.MediatR", "BuildingBlocks\Articles.MediatR\Articles.MediatR.csproj", "{C715B632-DEB3-493E-9ACC-91A6CA799944}"
EndProject
Project("{9A19103F-16F7-4668-BE54-9A1E7A4F7556}") = "Articles.AspNetCore", "BuildingBlocks\Articles.AspNetCore\Articles.AspNetCore.csproj", "{F7161139-4B9D-4212-93D6-616A5E896FFB}"
EndProject
Project("{E53339B2-1760-4266-BCC7-CA923CBCF16C}") = "docker-compose", "docker-compose.dcproj", "{CED3B268-6093-4DCE-8CF9-65409BCFC71C}"
EndProject
Project("{9A19103F-16F7-4668-BE54-9A1E7A4F7556}") = "Articles.Abstractions", "BuildingBlocks\Articles.Abstractions\Articles.Abstractions.csproj", "{CC955DE0-748B-4533-BC09-D2D6F49260FF}"
EndProject
Project("{2150E333-8FDC-42A3-9474-1A3956D46DE8}") = "Auth", "Auth", "{05EFFBE3-DE5E-4187-8F91-94FAB4AC10B8}"
EndProject
Project("{9A19103F-16F7-4668-BE54-9A1E7A4F7556}") = "Auth.API", "Services\Auth\Auth.API\Auth.API.csproj", "{E8D4EE6A-AB0A-494D-AE2D-06D307A151EC}"
EndProject
Project("{9A19103F-16F7-4668-BE54-9A1E7A4F7556}") = "Auth.Persistence", "Services\Auth\Auth.Persistence\Auth.Persistence.csproj", "{3122C64A-F4C0-4244-99A7-613B6DFD9D09}"
EndProject
Project("{9A19103F-16F7-4668-BE54-9A1E7A4F7556}") = "Auth.Domain", "Services\Auth\Auth.Domain\Auth.Domain.csproj", "{4F5E31C0-D149-4215-ABAD-165F99C1439D}"
EndProject
Project("{9A19103F-16F7-4668-BE54-9A1E7A4F7556}") = "Auth.Application", "Services\Auth\Auth.Application\Auth.Application.csproj", "{B5B3B631-9260-45DA-A128-868F38C9D32F}"
EndProject
Project("{2150E333-8FDC-42A3-9474-1A3956D46DE8}") = "Modules", "Modules", "{43093EE6-A060-4D76-A05C-8AD764B6BE15}"
EndProject
Project("{9A19103F-16F7-4668-BE54-9A1E7A4F7556}") = "EmailService.Smtp", "Modules\EmailService.Smtp\EmailService.Smtp.csproj", "{A62BA7C8-FB5C-49CD-B842-C2BEA6A955D1}"
EndProject
Project("{2150E333-8FDC-42A3-9474-1A3956D46DE8}") = "EmailService", "EmailService", "{6EC4AB69-944E-4EEF-AC42-52A4C8DF1CAA}"
EndProject
Project("{9A19103F-16F7-4668-BE54-9A1E7A4F7556}") = "EmailService.Contracts", "Modules\EmailService.Contracts\EmailService.Contracts.csproj", "{1494690E-45AB-4D61-AC1F-2120FC0BC208}"
EndProject
Project("{9A19103F-16F7-4668-BE54-9A1E7A4F7556}") = "EmailService.SendGrid", "Modules\EmailService.SendGrid\EmailService.SendGrid.csproj", "{B6FB8E4F-D498-46A2-9254-F0852CC80B54}"
EndProject
Project("{FAE04EC0-301F-11D3-BF4B-00C04F79EFBC}") = "Articles.Security", "BuildingBlocks\Articles.Security\Articles.Security.csproj", "{893F49BB-98A7-42D9-A4FF-F8D7F78FDD45}"
EndProject
Global
	GlobalSection(SolutionConfigurationPlatforms) = preSolution
		Debug|Any CPU = Debug|Any CPU
		Release|Any CPU = Release|Any CPU
	EndGlobalSection
	GlobalSection(ProjectConfigurationPlatforms) = postSolution
		{8EDA2235-B44E-441D-BF5E-5A357A90093C}.Debug|Any CPU.ActiveCfg = Debug|Any CPU
		{8EDA2235-B44E-441D-BF5E-5A357A90093C}.Debug|Any CPU.Build.0 = Debug|Any CPU
		{8EDA2235-B44E-441D-BF5E-5A357A90093C}.Release|Any CPU.ActiveCfg = Release|Any CPU
		{8EDA2235-B44E-441D-BF5E-5A357A90093C}.Release|Any CPU.Build.0 = Release|Any CPU
		{0F7B01A0-F6DC-4895-B7F6-6CF7902709D5}.Debug|Any CPU.ActiveCfg = Debug|Any CPU
		{0F7B01A0-F6DC-4895-B7F6-6CF7902709D5}.Debug|Any CPU.Build.0 = Debug|Any CPU
		{0F7B01A0-F6DC-4895-B7F6-6CF7902709D5}.Release|Any CPU.ActiveCfg = Release|Any CPU
		{0F7B01A0-F6DC-4895-B7F6-6CF7902709D5}.Release|Any CPU.Build.0 = Release|Any CPU
		{A08C513E-AAD1-4145-AED7-7B9258540A11}.Debug|Any CPU.ActiveCfg = Debug|Any CPU
		{A08C513E-AAD1-4145-AED7-7B9258540A11}.Debug|Any CPU.Build.0 = Debug|Any CPU
		{A08C513E-AAD1-4145-AED7-7B9258540A11}.Release|Any CPU.ActiveCfg = Release|Any CPU
		{A08C513E-AAD1-4145-AED7-7B9258540A11}.Release|Any CPU.Build.0 = Release|Any CPU
		{950425E2-3761-463C-9A98-10B99DD30159}.Debug|Any CPU.ActiveCfg = Debug|Any CPU
		{950425E2-3761-463C-9A98-10B99DD30159}.Debug|Any CPU.Build.0 = Debug|Any CPU
		{950425E2-3761-463C-9A98-10B99DD30159}.Release|Any CPU.ActiveCfg = Release|Any CPU
		{950425E2-3761-463C-9A98-10B99DD30159}.Release|Any CPU.Build.0 = Release|Any CPU
		{A8925387-2F7F-4A5A-B5D8-4FF3A964A6AE}.Debug|Any CPU.ActiveCfg = Debug|Any CPU
		{A8925387-2F7F-4A5A-B5D8-4FF3A964A6AE}.Debug|Any CPU.Build.0 = Debug|Any CPU
		{A8925387-2F7F-4A5A-B5D8-4FF3A964A6AE}.Release|Any CPU.ActiveCfg = Release|Any CPU
		{A8925387-2F7F-4A5A-B5D8-4FF3A964A6AE}.Release|Any CPU.Build.0 = Release|Any CPU
		{AB92A3BE-5EB3-4F6E-B382-AEAF00B9ADE7}.Debug|Any CPU.ActiveCfg = Debug|Any CPU
		{AB92A3BE-5EB3-4F6E-B382-AEAF00B9ADE7}.Debug|Any CPU.Build.0 = Debug|Any CPU
		{AB92A3BE-5EB3-4F6E-B382-AEAF00B9ADE7}.Release|Any CPU.ActiveCfg = Release|Any CPU
		{AB92A3BE-5EB3-4F6E-B382-AEAF00B9ADE7}.Release|Any CPU.Build.0 = Release|Any CPU
		{C0C96231-8A2E-44CF-AA58-AFFB4A986E85}.Debug|Any CPU.ActiveCfg = Debug|Any CPU
		{C0C96231-8A2E-44CF-AA58-AFFB4A986E85}.Debug|Any CPU.Build.0 = Debug|Any CPU
		{C0C96231-8A2E-44CF-AA58-AFFB4A986E85}.Release|Any CPU.ActiveCfg = Release|Any CPU
		{C0C96231-8A2E-44CF-AA58-AFFB4A986E85}.Release|Any CPU.Build.0 = Release|Any CPU
		{91B5D80C-2BDF-4CD1-87DE-57513C01526A}.Debug|Any CPU.ActiveCfg = Debug|Any CPU
		{91B5D80C-2BDF-4CD1-87DE-57513C01526A}.Debug|Any CPU.Build.0 = Debug|Any CPU
		{91B5D80C-2BDF-4CD1-87DE-57513C01526A}.Release|Any CPU.ActiveCfg = Release|Any CPU
		{91B5D80C-2BDF-4CD1-87DE-57513C01526A}.Release|Any CPU.Build.0 = Release|Any CPU
		{63B808B0-FB44-4DCB-9BB1-E0C20C1C2869}.Debug|Any CPU.ActiveCfg = Debug|Any CPU
		{63B808B0-FB44-4DCB-9BB1-E0C20C1C2869}.Debug|Any CPU.Build.0 = Debug|Any CPU
		{63B808B0-FB44-4DCB-9BB1-E0C20C1C2869}.Release|Any CPU.ActiveCfg = Release|Any CPU
		{63B808B0-FB44-4DCB-9BB1-E0C20C1C2869}.Release|Any CPU.Build.0 = Release|Any CPU
		{B35ADB4C-790C-44B4-A257-593328C839B6}.Debug|Any CPU.ActiveCfg = Debug|Any CPU
		{B35ADB4C-790C-44B4-A257-593328C839B6}.Debug|Any CPU.Build.0 = Debug|Any CPU
		{B35ADB4C-790C-44B4-A257-593328C839B6}.Release|Any CPU.ActiveCfg = Release|Any CPU
		{B35ADB4C-790C-44B4-A257-593328C839B6}.Release|Any CPU.Build.0 = Release|Any CPU
		{C715B632-DEB3-493E-9ACC-91A6CA799944}.Debug|Any CPU.ActiveCfg = Debug|Any CPU
		{C715B632-DEB3-493E-9ACC-91A6CA799944}.Debug|Any CPU.Build.0 = Debug|Any CPU
		{C715B632-DEB3-493E-9ACC-91A6CA799944}.Release|Any CPU.ActiveCfg = Release|Any CPU
		{C715B632-DEB3-493E-9ACC-91A6CA799944}.Release|Any CPU.Build.0 = Release|Any CPU
		{F7161139-4B9D-4212-93D6-616A5E896FFB}.Debug|Any CPU.ActiveCfg = Debug|Any CPU
		{F7161139-4B9D-4212-93D6-616A5E896FFB}.Debug|Any CPU.Build.0 = Debug|Any CPU
		{F7161139-4B9D-4212-93D6-616A5E896FFB}.Release|Any CPU.ActiveCfg = Release|Any CPU
		{F7161139-4B9D-4212-93D6-616A5E896FFB}.Release|Any CPU.Build.0 = Release|Any CPU
		{CED3B268-6093-4DCE-8CF9-65409BCFC71C}.Debug|Any CPU.ActiveCfg = Debug|Any CPU
		{CED3B268-6093-4DCE-8CF9-65409BCFC71C}.Debug|Any CPU.Build.0 = Debug|Any CPU
		{CED3B268-6093-4DCE-8CF9-65409BCFC71C}.Release|Any CPU.ActiveCfg = Release|Any CPU
		{CED3B268-6093-4DCE-8CF9-65409BCFC71C}.Release|Any CPU.Build.0 = Release|Any CPU
		{CC955DE0-748B-4533-BC09-D2D6F49260FF}.Debug|Any CPU.ActiveCfg = Debug|Any CPU
		{CC955DE0-748B-4533-BC09-D2D6F49260FF}.Debug|Any CPU.Build.0 = Debug|Any CPU
		{CC955DE0-748B-4533-BC09-D2D6F49260FF}.Release|Any CPU.ActiveCfg = Release|Any CPU
		{CC955DE0-748B-4533-BC09-D2D6F49260FF}.Release|Any CPU.Build.0 = Release|Any CPU
		{E8D4EE6A-AB0A-494D-AE2D-06D307A151EC}.Debug|Any CPU.ActiveCfg = Debug|Any CPU
		{E8D4EE6A-AB0A-494D-AE2D-06D307A151EC}.Debug|Any CPU.Build.0 = Debug|Any CPU
		{E8D4EE6A-AB0A-494D-AE2D-06D307A151EC}.Release|Any CPU.ActiveCfg = Release|Any CPU
		{E8D4EE6A-AB0A-494D-AE2D-06D307A151EC}.Release|Any CPU.Build.0 = Release|Any CPU
		{3122C64A-F4C0-4244-99A7-613B6DFD9D09}.Debug|Any CPU.ActiveCfg = Debug|Any CPU
		{3122C64A-F4C0-4244-99A7-613B6DFD9D09}.Debug|Any CPU.Build.0 = Debug|Any CPU
		{3122C64A-F4C0-4244-99A7-613B6DFD9D09}.Release|Any CPU.ActiveCfg = Release|Any CPU
		{3122C64A-F4C0-4244-99A7-613B6DFD9D09}.Release|Any CPU.Build.0 = Release|Any CPU
		{4F5E31C0-D149-4215-ABAD-165F99C1439D}.Debug|Any CPU.ActiveCfg = Debug|Any CPU
		{4F5E31C0-D149-4215-ABAD-165F99C1439D}.Debug|Any CPU.Build.0 = Debug|Any CPU
		{4F5E31C0-D149-4215-ABAD-165F99C1439D}.Release|Any CPU.ActiveCfg = Release|Any CPU
		{4F5E31C0-D149-4215-ABAD-165F99C1439D}.Release|Any CPU.Build.0 = Release|Any CPU
		{B5B3B631-9260-45DA-A128-868F38C9D32F}.Debug|Any CPU.ActiveCfg = Debug|Any CPU
		{B5B3B631-9260-45DA-A128-868F38C9D32F}.Debug|Any CPU.Build.0 = Debug|Any CPU
		{B5B3B631-9260-45DA-A128-868F38C9D32F}.Release|Any CPU.ActiveCfg = Release|Any CPU
		{B5B3B631-9260-45DA-A128-868F38C9D32F}.Release|Any CPU.Build.0 = Release|Any CPU
		{A62BA7C8-FB5C-49CD-B842-C2BEA6A955D1}.Debug|Any CPU.ActiveCfg = Debug|Any CPU
		{A62BA7C8-FB5C-49CD-B842-C2BEA6A955D1}.Debug|Any CPU.Build.0 = Debug|Any CPU
		{A62BA7C8-FB5C-49CD-B842-C2BEA6A955D1}.Release|Any CPU.ActiveCfg = Release|Any CPU
		{A62BA7C8-FB5C-49CD-B842-C2BEA6A955D1}.Release|Any CPU.Build.0 = Release|Any CPU
		{1494690E-45AB-4D61-AC1F-2120FC0BC208}.Debug|Any CPU.ActiveCfg = Debug|Any CPU
		{1494690E-45AB-4D61-AC1F-2120FC0BC208}.Debug|Any CPU.Build.0 = Debug|Any CPU
		{1494690E-45AB-4D61-AC1F-2120FC0BC208}.Release|Any CPU.ActiveCfg = Release|Any CPU
		{1494690E-45AB-4D61-AC1F-2120FC0BC208}.Release|Any CPU.Build.0 = Release|Any CPU
		{B6FB8E4F-D498-46A2-9254-F0852CC80B54}.Debug|Any CPU.ActiveCfg = Debug|Any CPU
		{B6FB8E4F-D498-46A2-9254-F0852CC80B54}.Debug|Any CPU.Build.0 = Debug|Any CPU
		{B6FB8E4F-D498-46A2-9254-F0852CC80B54}.Release|Any CPU.ActiveCfg = Release|Any CPU
		{B6FB8E4F-D498-46A2-9254-F0852CC80B54}.Release|Any CPU.Build.0 = Release|Any CPU
		{893F49BB-98A7-42D9-A4FF-F8D7F78FDD45}.Debug|Any CPU.ActiveCfg = Debug|Any CPU
		{893F49BB-98A7-42D9-A4FF-F8D7F78FDD45}.Debug|Any CPU.Build.0 = Debug|Any CPU
		{893F49BB-98A7-42D9-A4FF-F8D7F78FDD45}.Release|Any CPU.ActiveCfg = Release|Any CPU
		{893F49BB-98A7-42D9-A4FF-F8D7F78FDD45}.Release|Any CPU.Build.0 = Release|Any CPU
	EndGlobalSection
	GlobalSection(SolutionProperties) = preSolution
		HideSolutionNode = FALSE
	EndGlobalSection
	GlobalSection(NestedProjects) = preSolution
		{68179B8F-37FF-46E9-BB88-5C4E3B2BF9E0} = {0BE8E9B8-7592-4384-A537-900612306BEA}
		{8EDA2235-B44E-441D-BF5E-5A357A90093C} = {68179B8F-37FF-46E9-BB88-5C4E3B2BF9E0}
		{0F7B01A0-F6DC-4895-B7F6-6CF7902709D5} = {119E4BB2-4239-487F-B5F7-3BCED9AFF33C}
		{A08C513E-AAD1-4145-AED7-7B9258540A11} = {119E4BB2-4239-487F-B5F7-3BCED9AFF33C}
		{950425E2-3761-463C-9A98-10B99DD30159} = {119E4BB2-4239-487F-B5F7-3BCED9AFF33C}
		{A8925387-2F7F-4A5A-B5D8-4FF3A964A6AE} = {119E4BB2-4239-487F-B5F7-3BCED9AFF33C}
		{AB92A3BE-5EB3-4F6E-B382-AEAF00B9ADE7} = {68179B8F-37FF-46E9-BB88-5C4E3B2BF9E0}
		{C0C96231-8A2E-44CF-AA58-AFFB4A986E85} = {119E4BB2-4239-487F-B5F7-3BCED9AFF33C}
		{91B5D80C-2BDF-4CD1-87DE-57513C01526A} = {68179B8F-37FF-46E9-BB88-5C4E3B2BF9E0}
		{63B808B0-FB44-4DCB-9BB1-E0C20C1C2869} = {68179B8F-37FF-46E9-BB88-5C4E3B2BF9E0}
		{B35ADB4C-790C-44B4-A257-593328C839B6} = {119E4BB2-4239-487F-B5F7-3BCED9AFF33C}
		{C715B632-DEB3-493E-9ACC-91A6CA799944} = {119E4BB2-4239-487F-B5F7-3BCED9AFF33C}
		{F7161139-4B9D-4212-93D6-616A5E896FFB} = {119E4BB2-4239-487F-B5F7-3BCED9AFF33C}
		{CC955DE0-748B-4533-BC09-D2D6F49260FF} = {119E4BB2-4239-487F-B5F7-3BCED9AFF33C}
		{05EFFBE3-DE5E-4187-8F91-94FAB4AC10B8} = {0BE8E9B8-7592-4384-A537-900612306BEA}
		{E8D4EE6A-AB0A-494D-AE2D-06D307A151EC} = {05EFFBE3-DE5E-4187-8F91-94FAB4AC10B8}
		{3122C64A-F4C0-4244-99A7-613B6DFD9D09} = {05EFFBE3-DE5E-4187-8F91-94FAB4AC10B8}
		{4F5E31C0-D149-4215-ABAD-165F99C1439D} = {05EFFBE3-DE5E-4187-8F91-94FAB4AC10B8}
		{B5B3B631-9260-45DA-A128-868F38C9D32F} = {05EFFBE3-DE5E-4187-8F91-94FAB4AC10B8}
		{A62BA7C8-FB5C-49CD-B842-C2BEA6A955D1} = {6EC4AB69-944E-4EEF-AC42-52A4C8DF1CAA}
		{6EC4AB69-944E-4EEF-AC42-52A4C8DF1CAA} = {43093EE6-A060-4D76-A05C-8AD764B6BE15}
		{1494690E-45AB-4D61-AC1F-2120FC0BC208} = {6EC4AB69-944E-4EEF-AC42-52A4C8DF1CAA}
		{B6FB8E4F-D498-46A2-9254-F0852CC80B54} = {6EC4AB69-944E-4EEF-AC42-52A4C8DF1CAA}
		{893F49BB-98A7-42D9-A4FF-F8D7F78FDD45} = {119E4BB2-4239-487F-B5F7-3BCED9AFF33C}
	EndGlobalSection
	GlobalSection(ExtensibilityGlobals) = postSolution
		SolutionGuid = {DB8333BC-C32E-4759-8E3B-CC033665D9E0}
	EndGlobalSection
EndGlobal
